
Microsoft Visual Studio Solution File, Format Version 12.00
# Visual Studio Version 17
VisualStudioVersion = 17.11.35327.3
MinimumVisualStudioVersion = 10.0.40219.1
Project("{8BC9CEB8-8B4A-11D0-8D11-00A0C91BC942}") = "Assign 4.1 Linked Lists Stack Queue", "Assign 4.1 Linked Lists Stack Queue\Assign 4.1 Linked Lists Stack Queue.vcxproj", "{CFC8C1A3-BE42-4D77-8E31-9AAD36EC1DC9}"
EndProject
Global
	GlobalSection(SolutionConfigurationPlatforms) = preSolution
		Debug|x64 = Debug|x64
		Debug|x86 = Debug|x86
		Release|x64 = Release|x64
		Release|x86 = Release|x86
	EndGlobalSection
	GlobalSection(ProjectConfigurationPlatforms) = postSolution
		{CFC8C1A3-BE42-4D77-8E31-9AAD36EC1DC9}.Debug|x64.ActiveCfg = Debug|x64
		{CFC8C1A3-BE42-4D77-8E31-9AAD36EC1DC9}.Debug|x64.Build.0 = Debug|x64
		{CFC8C1A3-BE42-4D77-8E31-9AAD36EC1DC9}.Debug|x86.ActiveCfg = Debug|Win32
		{CFC8C1A3-BE42-4D77-8E31-9AAD36EC1DC9}.Debug|x86.Build.0 = Debug|Win32
		{CFC8C1A3-BE42-4D77-8E31-9AAD36EC1DC9}.Release|x64.ActiveCfg = Release|x64
		{CFC8C1A3-BE42-4D77-8E31-9AAD36EC1DC9}.Release|x64.Build.0 = Release|x64
		{CFC8C1A3-BE42-4D77-8E31-9AAD36EC1DC9}.Release|x86.ActiveCfg = Release|Win32
		{CFC8C1A3-BE42-4D77-8E31-9AAD36EC1DC9}.Release|x86.Build.0 = Release|Win32
	EndGlobalSection
	GlobalSection(SolutionProperties) = preSolution
		HideSolutionNode = FALSE
	EndGlobalSection
	GlobalSection(ExtensibilityGlobals) = postSolution
		SolutionGuid = {61BA3EF6-AFB8-4D28-A169-870A34047E35}
	EndGlobalSection
EndGlobal
